
Microsoft Visual Studio Solution File, Format Version 12.00
# Visual Studio Version 17
VisualStudioVersion = 17.14.36518.9 d17.14
MinimumVisualStudioVersion = 10.0.40219.1
Project("{FAE04EC0-301F-11D3-BF4B-00C04F79EFBC}") = "BloodCenterOS.Web", "BloodCenterOS.Web\BloodCenterOS.Web.csproj", "{708FF62C-E2BC-4AE5-9C07-E65CCA87F664}"
EndProject
Global
	GlobalSection(SolutionConfigurationPlatforms) = preSolution
		Debug|Any CPU = Debug|Any CPU
		Release|Any CPU = Release|Any CPU
	EndGlobalSection
	GlobalSection(ProjectConfigurationPlatforms) = postSolution
		{708FF62C-E2BC-4AE5-9C07-E65CCA87F664}.Debug|Any CPU.ActiveCfg = Debug|Any CPU
		{708FF62C-E2BC-4AE5-9C07-E65CCA87F664}.Debug|Any CPU.Build.0 = Debug|Any CPU
		{708FF62C-E2BC-4AE5-9C07-E65CCA87F664}.Release|Any CPU.ActiveCfg = Release|Any CPU
		{708FF62C-E2BC-4AE5-9C07-E65CCA87F664}.Release|Any CPU.Build.0 = Release|Any CPU
	EndGlobalSection
	GlobalSection(SolutionProperties) = preSolution
		HideSolutionNode = FALSE
	EndGlobalSection
	GlobalSection(ExtensibilityGlobals) = postSolution
		SolutionGuid = {F67FFD8F-F5F1-413C-89D8-5C10C149E901}
	EndGlobalSection
EndGlobal
